
Microsoft Visual Studio Solution File, Format Version 12.00
# Visual Studio Version 17
VisualStudioVersion = 17.5.33502.453
MinimumVisualStudioVersion = 10.0.40219.1
Project("{9A19103F-16F7-4668-BE54-9A1E7A4F7556}") = "JobHunt-API", "JobHunt-API.csproj", "{8D692E86-012D-437C-B66B-57C943058B6C}"
EndProject
Project("{9A19103F-16F7-4668-BE54-9A1E7A4F7556}") = "JobHunt-Models", "..\JobHunt-Models\JobHunt-Models.csproj", "{5BE7531B-CFA8-4F54-9D56-8E33A73B350F}"
EndProject
Project("{FAE04EC0-301F-11D3-BF4B-00C04F79EFBC}") = "JobHunt-Interface", "..\JobHunt-Interface\JobHunt-Interface.csproj", "{8086E080-445B-4868-AA6C-16410F14BA28}"
EndProject
Global
	GlobalSection(SolutionConfigurationPlatforms) = preSolution
		Debug|Any CPU = Debug|Any CPU
		Release|Any CPU = Release|Any CPU
	EndGlobalSection
	GlobalSection(ProjectConfigurationPlatforms) = postSolution
		{8D692E86-012D-437C-B66B-57C943058B6C}.Debug|Any CPU.ActiveCfg = Debug|Any CPU
		{8D692E86-012D-437C-B66B-57C943058B6C}.Debug|Any CPU.Build.0 = Debug|Any CPU
		{8D692E86-012D-437C-B66B-57C943058B6C}.Release|Any CPU.ActiveCfg = Release|Any CPU
		{8D692E86-012D-437C-B66B-57C943058B6C}.Release|Any CPU.Build.0 = Release|Any CPU
		{5BE7531B-CFA8-4F54-9D56-8E33A73B350F}.Debug|Any CPU.ActiveCfg = Debug|Any CPU
		{5BE7531B-CFA8-4F54-9D56-8E33A73B350F}.Debug|Any CPU.Build.0 = Debug|Any CPU
		{5BE7531B-CFA8-4F54-9D56-8E33A73B350F}.Release|Any CPU.ActiveCfg = Release|Any CPU
		{5BE7531B-CFA8-4F54-9D56-8E33A73B350F}.Release|Any CPU.Build.0 = Release|Any CPU
		{8086E080-445B-4868-AA6C-16410F14BA28}.Debug|Any CPU.ActiveCfg = Debug|Any CPU
		{8086E080-445B-4868-AA6C-16410F14BA28}.Debug|Any CPU.Build.0 = Debug|Any CPU
		{8086E080-445B-4868-AA6C-16410F14BA28}.Release|Any CPU.ActiveCfg = Release|Any CPU
		{8086E080-445B-4868-AA6C-16410F14BA28}.Release|Any CPU.Build.0 = Release|Any CPU
	EndGlobalSection
	GlobalSection(SolutionProperties) = preSolution
		HideSolutionNode = FALSE
	EndGlobalSection
	GlobalSection(ExtensibilityGlobals) = postSolution
		SolutionGuid = {7BADF09C-91AF-49CC-8977-B7733CB9B8F0}
	EndGlobalSection
EndGlobal
